// !$*UTF8*$!
{
	archiveVersion = 1;
	classes = {
	};
	objectVersion = 46;
	objects = {

/* Begin PBXBuildFile section */
		02633CD756F860C3597EB3E4 /* libPods-KKPNews.a in Frameworks */ = {isa = PBXBuildFile; fileRef = 146CD6DF9022665B65DDB95A /* libPods-KKPNews.a */; };
		5C4FEC0C1D0A6C2C00894E56 /* main.m in Sources */ = {isa = PBXBuildFile; fileRef = 5C4FEC0B1D0A6C2C00894E56 /* main.m */; };
		5C4FEC0F1D0A6C2C00894E56 /* AppDelegate.m in Sources */ = {isa = PBXBuildFile; fileRef = 5C4FEC0E1D0A6C2C00894E56 /* AppDelegate.m */; };
		5C4FEC151D0A6C2C00894E56 /* Main.storyboard in Resources */ = {isa = PBXBuildFile; fileRef = 5C4FEC131D0A6C2C00894E56 /* Main.storyboard */; };
		5C4FEC181D0A6C2C00894E56 /* KKPNews.xcdatamodeld in Sources */ = {isa = PBXBuildFile; fileRef = 5C4FEC161D0A6C2C00894E56 /* KKPNews.xcdatamodeld */; };
		5C4FEC1A1D0A6C2C00894E56 /* Assets.xcassets in Resources */ = {isa = PBXBuildFile; fileRef = 5C4FEC191D0A6C2C00894E56 /* Assets.xcassets */; };
		5C4FEC1D1D0A6C2C00894E56 /* LaunchScreen.storyboard in Resources */ = {isa = PBXBuildFile; fileRef = 5C4FEC1B1D0A6C2C00894E56 /* LaunchScreen.storyboard */; };
		5C4FEC281D0A6C2C00894E56 /* KKPNewsTests.m in Sources */ = {isa = PBXBuildFile; fileRef = 5C4FEC271D0A6C2C00894E56 /* KKPNewsTests.m */; };
		5C4FEC331D0A6C2C00894E56 /* KKPNewsUITests.m in Sources */ = {isa = PBXBuildFile; fileRef = 5C4FEC321D0A6C2C00894E56 /* KKPNewsUITests.m */; };
		5C5A33B41D0E7118005D7109 /* MainViewController.m in Sources */ = {isa = PBXBuildFile; fileRef = 5C5A33B31D0E7118005D7109 /* MainViewController.m */; };
		5C5A33BB1D0E779D005D7109 /* YoutubeListCustomCell.xib in Resources */ = {isa = PBXBuildFile; fileRef = 5C5A33BA1D0E779D005D7109 /* YoutubeListCustomCell.xib */; };
		5C5A33BF1D0E78EE005D7109 /* YoutubeListCustomCell.m in Sources */ = {isa = PBXBuildFile; fileRef = 5C5A33BE1D0E78EE005D7109 /* YoutubeListCustomCell.m */; };
		5C5A33C21D0E957B005D7109 /* Youtube.m in Sources */ = {isa = PBXBuildFile; fileRef = 5C5A33C11D0E957B005D7109 /* Youtube.m */; };
		5C5A33C51D112C9E005D7109 /* FirstScreenViewController.m in Sources */ = {isa = PBXBuildFile; fileRef = 5C5A33C41D112C9E005D7109 /* FirstScreenViewController.m */; };
		5C60078D1D22326F00176B4B /* Localizable.strings in Resources */ = {isa = PBXBuildFile; fileRef = 5C60078F1D22326F00176B4B /* Localizable.strings */; };
		5CD1088D1D23A75D000303BE /* UIEMultiAccess.framework in Frameworks */ = {isa = PBXBuildFile; fileRef = 5CD1088C1D23A75D000303BE /* UIEMultiAccess.framework */; };
		5CD1088F1D23A769000303BE /* CoreMedia.framework in Frameworks */ = {isa = PBXBuildFile; fileRef = 5CD1088E1D23A769000303BE /* CoreMedia.framework */; };
		5CD108911D23A779000303BE /* ExternalAccessory.framework in Frameworks */ = {isa = PBXBuildFile; fileRef = 5CD108901D23A779000303BE /* ExternalAccessory.framework */; };
		5CD108931D23A784000303BE /* CoreBluetooth.framework in Frameworks */ = {isa = PBXBuildFile; fileRef = 5CD108921D23A784000303BE /* CoreBluetooth.framework */; };
		5CD108951D23A793000303BE /* AVFoundation.framework in Frameworks */ = {isa = PBXBuildFile; fileRef = 5CD108941D23A793000303BE /* AVFoundation.framework */; };
		5CD108971D23A871000303BE /* UIEMultiAccess.bundle in Resources */ = {isa = PBXBuildFile; fileRef = 5CD108961D23A871000303BE /* UIEMultiAccess.bundle */; };
		5CD108991D23A8A4000303BE /* libc++.1.dylib in Frameworks */ = {isa = PBXBuildFile; fileRef = 5CD108981D23A8A4000303BE /* libc++.1.dylib */; };
		5CD1089B1D23BCAB000303BE /* Assets.bundle in Resources */ = {isa = PBXBuildFile; fileRef = 5CD1089A1D23BCAB000303BE /* Assets.bundle */; };
		5CDC288A1D1D2342002B4454 /* TutorialNavigationController.m in Sources */ = {isa = PBXBuildFile; fileRef = 5CDC28811D1D2342002B4454 /* TutorialNavigationController.m */; };
		5CDC288B1D1D2342002B4454 /* Tutorial2ViewController.m in Sources */ = {isa = PBXBuildFile; fileRef = 5CDC28831D1D2342002B4454 /* Tutorial2ViewController.m */; };
		5CDC288C1D1D2342002B4454 /* Tutorial1ViewController.m in Sources */ = {isa = PBXBuildFile; fileRef = 5CDC28851D1D2342002B4454 /* Tutorial1ViewController.m */; };
		5CDC288D1D1D2342002B4454 /* Tutorial3ViewController.m in Sources */ = {isa = PBXBuildFile; fileRef = 5CDC28871D1D2342002B4454 /* Tutorial3ViewController.m */; };
		5CDC288E1D1D2342002B4454 /* Tutorial4ViewController.m in Sources */ = {isa = PBXBuildFile; fileRef = 5CDC28891D1D2342002B4454 /* Tutorial4ViewController.m */; };
		5CDC28911D1D2399002B4454 /* tutorial in Resources */ = {isa = PBXBuildFile; fileRef = 5CDC28901D1D2399002B4454 /* tutorial */; };
		5CDC28971D1D3167002B4454 /* CustomSlider.m in Sources */ = {isa = PBXBuildFile; fileRef = 5CDC28961D1D3167002B4454 /* CustomSlider.m */; };
/* End PBXBuildFile section */

/* Begin PBXContainerItemProxy section */
		5C4FEC241D0A6C2C00894E56 /* PBXContainerItemProxy */ = {
			isa = PBXContainerItemProxy;
			containerPortal = 5C4FEBFF1D0A6C2C00894E56 /* Project object */;
			proxyType = 1;
			remoteGlobalIDString = 5C4FEC061D0A6C2C00894E56;
			remoteInfo = KKPNews;
		};
		5C4FEC2F1D0A6C2C00894E56 /* PBXContainerItemProxy */ = {
			isa = PBXContainerItemProxy;
			containerPortal = 5C4FEBFF1D0A6C2C00894E56 /* Project object */;
			proxyType = 1;
			remoteGlobalIDString = 5C4FEC061D0A6C2C00894E56;
			remoteInfo = KKPNews;
		};
/* End PBXContainerItemProxy section */

/* Begin PBXFileReference section */
		146CD6DF9022665B65DDB95A /* libPods-KKPNews.a */ = {isa = PBXFileReference; explicitFileType = archive.ar; includeInIndex = 0; path = "libPods-KKPNews.a"; sourceTree = BUILT_PRODUCTS_DIR; };
		5C4FEC071D0A6C2C00894E56 /* KKPNews.app */ = {isa = PBXFileReference; explicitFileType = wrapper.application; includeInIndex = 0; path = KKPNews.app; sourceTree = BUILT_PRODUCTS_DIR; };
		5C4FEC0B1D0A6C2C00894E56 /* main.m */ = {isa = PBXFileReference; lastKnownFileType = sourcecode.c.objc; path = main.m; sourceTree = "<group>"; };
		5C4FEC0D1D0A6C2C00894E56 /* AppDelegate.h */ = {isa = PBXFileReference; lastKnownFileType = sourcecode.c.h; path = AppDelegate.h; sourceTree = "<group>"; };
		5C4FEC0E1D0A6C2C00894E56 /* AppDelegate.m */ = {isa = PBXFileReference; lastKnownFileType = sourcecode.c.objc; path = AppDelegate.m; sourceTree = "<group>"; };
		5C4FEC141D0A6C2C00894E56 /* Base */ = {isa = PBXFileReference; lastKnownFileType = file.storyboard; name = Base; path = Base.lproj/Main.storyboard; sourceTree = "<group>"; };
		5C4FEC171D0A6C2C00894E56 /* KKPNews.xcdatamodel */ = {isa = PBXFileReference; lastKnownFileType = wrapper.xcdatamodel; path = KKPNews.xcdatamodel; sourceTree = "<group>"; };
		5C4FEC191D0A6C2C00894E56 /* Assets.xcassets */ = {isa = PBXFileReference; lastKnownFileType = folder.assetcatalog; path = Assets.xcassets; sourceTree = "<group>"; };
		5C4FEC1C1D0A6C2C00894E56 /* Base */ = {isa = PBXFileReference; lastKnownFileType = file.storyboard; name = Base; path = Base.lproj/LaunchScreen.storyboard; sourceTree = "<group>"; };
		5C4FEC1E1D0A6C2C00894E56 /* Info.plist */ = {isa = PBXFileReference; lastKnownFileType = text.plist.xml; path = Info.plist; sourceTree = "<group>"; };
		5C4FEC231D0A6C2C00894E56 /* KKPNewsTests.xctest */ = {isa = PBXFileReference; explicitFileType = wrapper.cfbundle; includeInIndex = 0; path = KKPNewsTests.xctest; sourceTree = BUILT_PRODUCTS_DIR; };
		5C4FEC271D0A6C2C00894E56 /* KKPNewsTests.m */ = {isa = PBXFileReference; lastKnownFileType = sourcecode.c.objc; path = KKPNewsTests.m; sourceTree = "<group>"; };
		5C4FEC291D0A6C2C00894E56 /* Info.plist */ = {isa = PBXFileReference; lastKnownFileType = text.plist.xml; path = Info.plist; sourceTree = "<group>"; };
		5C4FEC2E1D0A6C2C00894E56 /* KKPNewsUITests.xctest */ = {isa = PBXFileReference; explicitFileType = wrapper.cfbundle; includeInIndex = 0; path = KKPNewsUITests.xctest; sourceTree = BUILT_PRODUCTS_DIR; };
		5C4FEC321D0A6C2C00894E56 /* KKPNewsUITests.m */ = {isa = PBXFileReference; lastKnownFileType = sourcecode.c.objc; path = KKPNewsUITests.m; sourceTree = "<group>"; };
		5C4FEC341D0A6C2C00894E56 /* Info.plist */ = {isa = PBXFileReference; lastKnownFileType = text.plist.xml; path = Info.plist; sourceTree = "<group>"; };
		5C5A33B21D0E7118005D7109 /* MainViewController.h */ = {isa = PBXFileReference; fileEncoding = 4; lastKnownFileType = sourcecode.c.h; path = MainViewController.h; sourceTree = "<group>"; };
		5C5A33B31D0E7118005D7109 /* MainViewController.m */ = {isa = PBXFileReference; fileEncoding = 4; lastKnownFileType = sourcecode.c.objc; path = MainViewController.m; sourceTree = "<group>"; };
		5C5A33BA1D0E779D005D7109 /* YoutubeListCustomCell.xib */ = {isa = PBXFileReference; fileEncoding = 4; lastKnownFileType = file.xib; path = YoutubeListCustomCell.xib; sourceTree = "<group>"; };
		5C5A33BD1D0E78EE005D7109 /* YoutubeListCustomCell.h */ = {isa = PBXFileReference; fileEncoding = 4; lastKnownFileType = sourcecode.c.h; path = YoutubeListCustomCell.h; sourceTree = "<group>"; };
		5C5A33BE1D0E78EE005D7109 /* YoutubeListCustomCell.m */ = {isa = PBXFileReference; fileEncoding = 4; lastKnownFileType = sourcecode.c.objc; path = YoutubeListCustomCell.m; sourceTree = "<group>"; };
		5C5A33C01D0E957B005D7109 /* Youtube.h */ = {isa = PBXFileReference; fileEncoding = 4; lastKnownFileType = sourcecode.c.h; path = Youtube.h; sourceTree = "<group>"; };
		5C5A33C11D0E957B005D7109 /* Youtube.m */ = {isa = PBXFileReference; fileEncoding = 4; lastKnownFileType = sourcecode.c.objc; path = Youtube.m; sourceTree = "<group>"; };
		5C5A33C31D112C9E005D7109 /* FirstScreenViewController.h */ = {isa = PBXFileReference; fileEncoding = 4; lastKnownFileType = sourcecode.c.h; path = FirstScreenViewController.h; sourceTree = "<group>"; };
		5C5A33C41D112C9E005D7109 /* FirstScreenViewController.m */ = {isa = PBXFileReference; fileEncoding = 4; lastKnownFileType = sourcecode.c.objc; path = FirstScreenViewController.m; sourceTree = "<group>"; };
		5C6007871D22323100176B4B /* en */ = {isa = PBXFileReference; lastKnownFileType = text.plist.strings; name = en; path = en.lproj/Main.strings; sourceTree = "<group>"; };
		5C6007881D22323100176B4B /* en */ = {isa = PBXFileReference; lastKnownFileType = text.plist.strings; name = en; path = en.lproj/LaunchScreen.strings; sourceTree = "<group>"; };
		5C6007891D22323700176B4B /* ja */ = {isa = PBXFileReference; lastKnownFileType = text.plist.strings; name = ja; path = ja.lproj/Main.strings; sourceTree = "<group>"; };
		5C60078A1D22323700176B4B /* ja */ = {isa = PBXFileReference; lastKnownFileType = text.plist.strings; name = ja; path = ja.lproj/LaunchScreen.strings; sourceTree = "<group>"; };
		5C60078E1D22326F00176B4B /* Base */ = {isa = PBXFileReference; lastKnownFileType = text.plist.strings; name = Base; path = Base.lproj/Localizable.strings; sourceTree = "<group>"; };
		5C6007901D22327100176B4B /* ja */ = {isa = PBXFileReference; lastKnownFileType = text.plist.strings; name = ja; path = ja.lproj/Localizable.strings; sourceTree = "<group>"; };
		5CD1088C1D23A75D000303BE /* UIEMultiAccess.framework */ = {isa = PBXFileReference; lastKnownFileType = wrapper.framework; name = UIEMultiAccess.framework; path = Framework/UIEMultiAccess.framework; sourceTree = "<group>"; };
		5CD1088E1D23A769000303BE /* CoreMedia.framework */ = {isa = PBXFileReference; lastKnownFileType = wrapper.framework; name = CoreMedia.framework; path = System/Library/Frameworks/CoreMedia.framework; sourceTree = SDKROOT; };
		5CD108901D23A779000303BE /* ExternalAccessory.framework */ = {isa = PBXFileReference; lastKnownFileType = wrapper.framework; name = ExternalAccessory.framework; path = System/Library/Frameworks/ExternalAccessory.framework; sourceTree = SDKROOT; };
		5CD108921D23A784000303BE /* CoreBluetooth.framework */ = {isa = PBXFileReference; lastKnownFileType = wrapper.framework; name = CoreBluetooth.framework; path = System/Library/Frameworks/CoreBluetooth.framework; sourceTree = SDKROOT; };
		5CD108941D23A793000303BE /* AVFoundation.framework */ = {isa = PBXFileReference; lastKnownFileType = wrapper.framework; name = AVFoundation.framework; path = System/Library/Frameworks/AVFoundation.framework; sourceTree = SDKROOT; };
		5CD108961D23A871000303BE /* UIEMultiAccess.bundle */ = {isa = PBXFileReference; lastKnownFileType = "wrapper.plug-in"; name = UIEMultiAccess.bundle; path = Framework/UIEMultiAccess.bundle; sourceTree = "<group>"; };
		5CD108981D23A8A4000303BE /* libc++.1.dylib */ = {isa = PBXFileReference; lastKnownFileType = "compiled.mach-o.dylib"; name = "libc++.1.dylib"; path = "../../../../usr/lib/libc++.1.dylib"; sourceTree = "<group>"; };
		5CD1089A1D23BCAB000303BE /* Assets.bundle */ = {isa = PBXFileReference; lastKnownFileType = "wrapper.plug-in"; name = Assets.bundle; path = Framework/Assets.bundle; sourceTree = "<group>"; };
		5CDC28801D1D2342002B4454 /* TutorialNavigationController.h */ = {isa = PBXFileReference; fileEncoding = 4; lastKnownFileType = sourcecode.c.h; name = TutorialNavigationController.h; path = "../../Youtube-Feed/Youtube-Feed/TutorialNavigationController.h"; sourceTree = "<group>"; };
		5CDC28811D1D2342002B4454 /* TutorialNavigationController.m */ = {isa = PBXFileReference; fileEncoding = 4; lastKnownFileType = sourcecode.c.objc; name = TutorialNavigationController.m; path = "../../Youtube-Feed/Youtube-Feed/TutorialNavigationController.m"; sourceTree = "<group>"; };
		5CDC28821D1D2342002B4454 /* Tutorial2ViewController.h */ = {isa = PBXFileReference; fileEncoding = 4; lastKnownFileType = sourcecode.c.h; name = Tutorial2ViewController.h; path = "../../Youtube-Feed/Youtube-Feed/Tutorial2ViewController.h"; sourceTree = "<group>"; };
		5CDC28831D1D2342002B4454 /* Tutorial2ViewController.m */ = {isa = PBXFileReference; fileEncoding = 4; lastKnownFileType = sourcecode.c.objc; name = Tutorial2ViewController.m; path = "../../Youtube-Feed/Youtube-Feed/Tutorial2ViewController.m"; sourceTree = "<group>"; };
		5CDC28841D1D2342002B4454 /* Tutorial1ViewController.h */ = {isa = PBXFileReference; fileEncoding = 4; lastKnownFileType = sourcecode.c.h; name = Tutorial1ViewController.h; path = "../../Youtube-Feed/Youtube-Feed/Tutorial1ViewController.h"; sourceTree = "<group>"; };
		5CDC28851D1D2342002B4454 /* Tutorial1ViewController.m */ = {isa = PBXFileReference; fileEncoding = 4; lastKnownFileType = sourcecode.c.objc; name = Tutorial1ViewController.m; path = "../../Youtube-Feed/Youtube-Feed/Tutorial1ViewController.m"; sourceTree = "<group>"; };
		5CDC28861D1D2342002B4454 /* Tutorial3ViewController.h */ = {isa = PBXFileReference; fileEncoding = 4; lastKnownFileType = sourcecode.c.h; name = Tutorial3ViewController.h; path = "../../Youtube-Feed/Youtube-Feed/Tutorial3ViewController.h"; sourceTree = "<group>"; };
		5CDC28871D1D2342002B4454 /* Tutorial3ViewController.m */ = {isa = PBXFileReference; fileEncoding = 4; lastKnownFileType = sourcecode.c.objc; name = Tutorial3ViewController.m; path = "../../Youtube-Feed/Youtube-Feed/Tutorial3ViewController.m"; sourceTree = "<group>"; };
		5CDC28881D1D2342002B4454 /* Tutorial4ViewController.h */ = {isa = PBXFileReference; fileEncoding = 4; lastKnownFileType = sourcecode.c.h; name = Tutorial4ViewController.h; path = "../../Youtube-Feed/Youtube-Feed/Tutorial4ViewController.h"; sourceTree = "<group>"; };
		5CDC28891D1D2342002B4454 /* Tutorial4ViewController.m */ = {isa = PBXFileReference; fileEncoding = 4; lastKnownFileType = sourcecode.c.objc; name = Tutorial4ViewController.m; path = "../../Youtube-Feed/Youtube-Feed/Tutorial4ViewController.m"; sourceTree = "<group>"; };
		5CDC28901D1D2399002B4454 /* tutorial */ = {isa = PBXFileReference; lastKnownFileType = folder; name = tutorial; path = "/Users/ssd/Documents/Youtube-Feed/Youtube-Feed/../../../Desktop/tutorial"; sourceTree = "<absolute>"; };
		5CDC28951D1D3167002B4454 /* CustomSlider.h */ = {isa = PBXFileReference; fileEncoding = 4; lastKnownFileType = sourcecode.c.h; path = CustomSlider.h; sourceTree = "<group>"; };
		5CDC28961D1D3167002B4454 /* CustomSlider.m */ = {isa = PBXFileReference; fileEncoding = 4; lastKnownFileType = sourcecode.c.objc; path = CustomSlider.m; sourceTree = "<group>"; };
		8AABE8C229190EFFCE82A3E2 /* Pods-KKPNews.release.xcconfig */ = {isa = PBXFileReference; includeInIndex = 1; lastKnownFileType = text.xcconfig; name = "Pods-KKPNews.release.xcconfig"; path = "Pods/Target Support Files/Pods-KKPNews/Pods-KKPNews.release.xcconfig"; sourceTree = "<group>"; };
		9BBC6ED3CE728CA73CB0FABE /* Pods-KKPNews.debug.xcconfig */ = {isa = PBXFileReference; includeInIndex = 1; lastKnownFileType = text.xcconfig; name = "Pods-KKPNews.debug.xcconfig"; path = "Pods/Target Support Files/Pods-KKPNews/Pods-KKPNews.debug.xcconfig"; sourceTree = "<group>"; };
/* End PBXFileReference section */

/* Begin PBXFrameworksBuildPhase section */
		5C4FEC041D0A6C2C00894E56 /* Frameworks */ = {
			isa = PBXFrameworksBuildPhase;
			buildActionMask = 2147483647;
			files = (
				5CD108991D23A8A4000303BE /* libc++.1.dylib in Frameworks */,
				5CD108951D23A793000303BE /* AVFoundation.framework in Frameworks */,
				5CD108931D23A784000303BE /* CoreBluetooth.framework in Frameworks */,
				5CD108911D23A779000303BE /* ExternalAccessory.framework in Frameworks */,
				5CD1088F1D23A769000303BE /* CoreMedia.framework in Frameworks */,
				5CD1088D1D23A75D000303BE /* UIEMultiAccess.framework in Frameworks */,
				02633CD756F860C3597EB3E4 /* libPods-KKPNews.a in Frameworks */,
			);
			runOnlyForDeploymentPostprocessing = 0;
		};
		5C4FEC201D0A6C2C00894E56 /* Frameworks */ = {
			isa = PBXFrameworksBuildPhase;
			buildActionMask = 2147483647;
			files = (
			);
			runOnlyForDeploymentPostprocessing = 0;
		};
		5C4FEC2B1D0A6C2C00894E56 /* Frameworks */ = {
			isa = PBXFrameworksBuildPhase;
			buildActionMask = 2147483647;
			files = (
			);
			runOnlyForDeploymentPostprocessing = 0;
		};
/* End PBXFrameworksBuildPhase section */

/* Begin PBXGroup section */
		5C4FEBFE1D0A6C2C00894E56 = {
			isa = PBXGroup;
			children = (
				5CD1089A1D23BCAB000303BE /* Assets.bundle */,
				5CD108961D23A871000303BE /* UIEMultiAccess.bundle */,
				5C4FEC091D0A6C2C00894E56 /* KKPNews */,
				5C4FEC261D0A6C2C00894E56 /* KKPNewsTests */,
				5C4FEC311D0A6C2C00894E56 /* KKPNewsUITests */,
				5C4FEC081D0A6C2C00894E56 /* Products */,
				7AD095AD1206DDF847ABA63C /* Pods */,
				76F10EF439F0FCA3AE4FD790 /* Frameworks */,
			);
			sourceTree = "<group>";
		};
		5C4FEC081D0A6C2C00894E56 /* Products */ = {
			isa = PBXGroup;
			children = (
				5C4FEC071D0A6C2C00894E56 /* KKPNews.app */,
				5C4FEC231D0A6C2C00894E56 /* KKPNewsTests.xctest */,
				5C4FEC2E1D0A6C2C00894E56 /* KKPNewsUITests.xctest */,
			);
			name = Products;
			sourceTree = "<group>";
		};
		5C4FEC091D0A6C2C00894E56 /* KKPNews */ = {
			isa = PBXGroup;
			children = (
				5CDC28901D1D2399002B4454 /* tutorial */,
				5CDC288F1D1D234F002B4454 /* TutorialViews */,
				5C5A33BC1D0E78CE005D7109 /* Views */,
				5C5A33B51D0E75EA005D7109 /* CustomCells */,
				5C4FEC0D1D0A6C2C00894E56 /* AppDelegate.h */,
				5C4FEC0E1D0A6C2C00894E56 /* AppDelegate.m */,
				5C4FEC131D0A6C2C00894E56 /* Main.storyboard */,
				5C4FEC191D0A6C2C00894E56 /* Assets.xcassets */,
				5C4FEC1B1D0A6C2C00894E56 /* LaunchScreen.storyboard */,
				5C4FEC1E1D0A6C2C00894E56 /* Info.plist */,
				5C4FEC161D0A6C2C00894E56 /* KKPNews.xcdatamodeld */,
				5C5A33C01D0E957B005D7109 /* Youtube.h */,
				5C5A33C11D0E957B005D7109 /* Youtube.m */,
				5C4FEC0A1D0A6C2C00894E56 /* Supporting Files */,
				5C5A33C31D112C9E005D7109 /* FirstScreenViewController.h */,
				5C5A33C41D112C9E005D7109 /* FirstScreenViewController.m */,
				5C5A33B21D0E7118005D7109 /* MainViewController.h */,
				5C5A33B31D0E7118005D7109 /* MainViewController.m */,
				5CDC28951D1D3167002B4454 /* CustomSlider.h */,
				5CDC28961D1D3167002B4454 /* CustomSlider.m */,
				5C60078F1D22326F00176B4B /* Localizable.strings */,
			);
			path = KKPNews;
			sourceTree = "<group>";
		};
		5C4FEC0A1D0A6C2C00894E56 /* Supporting Files */ = {
			isa = PBXGroup;
			children = (
				5C4FEC0B1D0A6C2C00894E56 /* main.m */,
			);
			name = "Supporting Files";
			sourceTree = "<group>";
		};
		5C4FEC261D0A6C2C00894E56 /* KKPNewsTests */ = {
			isa = PBXGroup;
			children = (
				5C4FEC271D0A6C2C00894E56 /* KKPNewsTests.m */,
				5C4FEC291D0A6C2C00894E56 /* Info.plist */,
			);
			path = KKPNewsTests;
			sourceTree = "<group>";
		};
		5C4FEC311D0A6C2C00894E56 /* KKPNewsUITests */ = {
			isa = PBXGroup;
			children = (
				5C4FEC321D0A6C2C00894E56 /* KKPNewsUITests.m */,
				5C4FEC341D0A6C2C00894E56 /* Info.plist */,
			);
			path = KKPNewsUITests;
			sourceTree = "<group>";
		};
		5C5A33B51D0E75EA005D7109 /* CustomCells */ = {
			isa = PBXGroup;
			children = (
				5C5A33BA1D0E779D005D7109 /* YoutubeListCustomCell.xib */,
			);
			name = CustomCells;
			sourceTree = "<group>";
		};
		5C5A33BC1D0E78CE005D7109 /* Views */ = {
			isa = PBXGroup;
			children = (
				5C5A33BD1D0E78EE005D7109 /* YoutubeListCustomCell.h */,
				5C5A33BE1D0E78EE005D7109 /* YoutubeListCustomCell.m */,
			);
			name = Views;
			sourceTree = "<group>";
		};
		5CDC288F1D1D234F002B4454 /* TutorialViews */ = {
			isa = PBXGroup;
			children = (
				5CDC28801D1D2342002B4454 /* TutorialNavigationController.h */,
				5CDC28811D1D2342002B4454 /* TutorialNavigationController.m */,
				5CDC28821D1D2342002B4454 /* Tutorial2ViewController.h */,
				5CDC28831D1D2342002B4454 /* Tutorial2ViewController.m */,
				5CDC28841D1D2342002B4454 /* Tutorial1ViewController.h */,
				5CDC28851D1D2342002B4454 /* Tutorial1ViewController.m */,
				5CDC28861D1D2342002B4454 /* Tutorial3ViewController.h */,
				5CDC28871D1D2342002B4454 /* Tutorial3ViewController.m */,
				5CDC28881D1D2342002B4454 /* Tutorial4ViewController.h */,
				5CDC28891D1D2342002B4454 /* Tutorial4ViewController.m */,
			);
			name = TutorialViews;
			sourceTree = "<group>";
		};
		76F10EF439F0FCA3AE4FD790 /* Frameworks */ = {
			isa = PBXGroup;
			children = (
				5CD108981D23A8A4000303BE /* libc++.1.dylib */,
				5CD108941D23A793000303BE /* AVFoundation.framework */,
				5CD108921D23A784000303BE /* CoreBluetooth.framework */,
				5CD108901D23A779000303BE /* ExternalAccessory.framework */,
				5CD1088E1D23A769000303BE /* CoreMedia.framework */,
				5CD1088C1D23A75D000303BE /* UIEMultiAccess.framework */,
				146CD6DF9022665B65DDB95A /* libPods-KKPNews.a */,
			);
			name = Frameworks;
			sourceTree = "<group>";
		};
		7AD095AD1206DDF847ABA63C /* Pods */ = {
			isa = PBXGroup;
			children = (
				9BBC6ED3CE728CA73CB0FABE /* Pods-KKPNews.debug.xcconfig */,
				8AABE8C229190EFFCE82A3E2 /* Pods-KKPNews.release.xcconfig */,
			);
			name = Pods;
			sourceTree = "<group>";
		};
/* End PBXGroup section */

/* Begin PBXNativeTarget section */
		5C4FEC061D0A6C2C00894E56 /* KKPNews */ = {
			isa = PBXNativeTarget;
			buildConfigurationList = 5C4FEC371D0A6C2C00894E56 /* Build configuration list for PBXNativeTarget "KKPNews" */;
			buildPhases = (
				145365A4DF294151845ECA15 /* Check Pods Manifest.lock */,
				5C4FEC031D0A6C2C00894E56 /* Sources */,
				5C4FEC041D0A6C2C00894E56 /* Frameworks */,
				5C4FEC051D0A6C2C00894E56 /* Resources */,
				B434F890BE43C720D86F2D58 /* Embed Pods Frameworks */,
				F215A6603D744DD215AC83F8 /* Copy Pods Resources */,
			);
			buildRules = (
			);
			dependencies = (
			);
			name = KKPNews;
			productName = KKPNews;
			productReference = 5C4FEC071D0A6C2C00894E56 /* KKPNews.app */;
			productType = "com.apple.product-type.application";
		};
		5C4FEC221D0A6C2C00894E56 /* KKPNewsTests */ = {
			isa = PBXNativeTarget;
			buildConfigurationList = 5C4FEC3A1D0A6C2C00894E56 /* Build configuration list for PBXNativeTarget "KKPNewsTests" */;
			buildPhases = (
				5C4FEC1F1D0A6C2C00894E56 /* Sources */,
				5C4FEC201D0A6C2C00894E56 /* Frameworks */,
				5C4FEC211D0A6C2C00894E56 /* Resources */,
			);
			buildRules = (
			);
			dependencies = (
				5C4FEC251D0A6C2C00894E56 /* PBXTargetDependency */,
			);
			name = KKPNewsTests;
			productName = KKPNewsTests;
			productReference = 5C4FEC231D0A6C2C00894E56 /* KKPNewsTests.xctest */;
			productType = "com.apple.product-type.bundle.unit-test";
		};
		5C4FEC2D1D0A6C2C00894E56 /* KKPNewsUITests */ = {
			isa = PBXNativeTarget;
			buildConfigurationList = 5C4FEC3D1D0A6C2C00894E56 /* Build configuration list for PBXNativeTarget "KKPNewsUITests" */;
			buildPhases = (
				5C4FEC2A1D0A6C2C00894E56 /* Sources */,
				5C4FEC2B1D0A6C2C00894E56 /* Frameworks */,
				5C4FEC2C1D0A6C2C00894E56 /* Resources */,
			);
			buildRules = (
			);
			dependencies = (
				5C4FEC301D0A6C2C00894E56 /* PBXTargetDependency */,
			);
			name = KKPNewsUITests;
			productName = KKPNewsUITests;
			productReference = 5C4FEC2E1D0A6C2C00894E56 /* KKPNewsUITests.xctest */;
			productType = "com.apple.product-type.bundle.ui-testing";
		};
/* End PBXNativeTarget section */

/* Begin PBXProject section */
		5C4FEBFF1D0A6C2C00894E56 /* Project object */ = {
			isa = PBXProject;
			attributes = {
				LastUpgradeCheck = 0730;
				ORGANIZATIONNAME = "Siam System Deverlopment";
				TargetAttributes = {
					5C4FEC061D0A6C2C00894E56 = {
						CreatedOnToolsVersion = 7.3.1;
						DevelopmentTeam = P8RWE3RJ59;
					};
					5C4FEC221D0A6C2C00894E56 = {
						CreatedOnToolsVersion = 7.3.1;
						TestTargetID = 5C4FEC061D0A6C2C00894E56;
					};
					5C4FEC2D1D0A6C2C00894E56 = {
						CreatedOnToolsVersion = 7.3.1;
						TestTargetID = 5C4FEC061D0A6C2C00894E56;
					};
				};
			};
			buildConfigurationList = 5C4FEC021D0A6C2C00894E56 /* Build configuration list for PBXProject "KKPNews" */;
			compatibilityVersion = "Xcode 3.2";
			developmentRegion = English;
			hasScannedForEncodings = 0;
			knownRegions = (
				Base,
				ja,
			);
			mainGroup = 5C4FEBFE1D0A6C2C00894E56;
			productRefGroup = 5C4FEC081D0A6C2C00894E56 /* Products */;
			projectDirPath = "";
			projectRoot = "";
			targets = (
				5C4FEC061D0A6C2C00894E56 /* KKPNews */,
				5C4FEC221D0A6C2C00894E56 /* KKPNewsTests */,
				5C4FEC2D1D0A6C2C00894E56 /* KKPNewsUITests */,
			);
		};
/* End PBXProject section */

/* Begin PBXResourcesBuildPhase section */
		5C4FEC051D0A6C2C00894E56 /* Resources */ = {
			isa = PBXResourcesBuildPhase;
			buildActionMask = 2147483647;
			files = (
				5CD1089B1D23BCAB000303BE /* Assets.bundle in Resources */,
				5C4FEC1D1D0A6C2C00894E56 /* LaunchScreen.storyboard in Resources */,
				5CD108971D23A871000303BE /* UIEMultiAccess.bundle in Resources */,
				5C60078D1D22326F00176B4B /* Localizable.strings in Resources */,
				5CDC28911D1D2399002B4454 /* tutorial in Resources */,
				5C4FEC1A1D0A6C2C00894E56 /* Assets.xcassets in Resources */,
				5C5A33BB1D0E779D005D7109 /* YoutubeListCustomCell.xib in Resources */,
				5C4FEC151D0A6C2C00894E56 /* Main.storyboard in Resources */,
			);
			runOnlyForDeploymentPostprocessing = 0;
		};
		5C4FEC211D0A6C2C00894E56 /* Resources */ = {
			isa = PBXResourcesBuildPhase;
			buildActionMask = 2147483647;
			files = (
			);
			runOnlyForDeploymentPostprocessing = 0;
		};
		5C4FEC2C1D0A6C2C00894E56 /* Resources */ = {
			isa = PBXResourcesBuildPhase;
			buildActionMask = 2147483647;
			files = (
			);
			runOnlyForDeploymentPostprocessing = 0;
		};
/* End PBXResourcesBuildPhase section */

/* Begin PBXShellScriptBuildPhase section */
		145365A4DF294151845ECA15 /* Check Pods Manifest.lock */ = {
			isa = PBXShellScriptBuildPhase;
			buildActionMask = 2147483647;
			files = (
			);
			inputPaths = (
			);
			name = "Check Pods Manifest.lock";
			outputPaths = (
			);
			runOnlyForDeploymentPostprocessing = 0;
			shellPath = /bin/sh;
			shellScript = "diff \"${PODS_ROOT}/../Podfile.lock\" \"${PODS_ROOT}/Manifest.lock\" > /dev/null\nif [[ $? != 0 ]] ; then\n    cat << EOM\nerror: The sandbox is not in sync with the Podfile.lock. Run 'pod install' or update your CocoaPods installation.\nEOM\n    exit 1\nfi\n";
			showEnvVarsInLog = 0;
		};
		B434F890BE43C720D86F2D58 /* Embed Pods Frameworks */ = {
			isa = PBXShellScriptBuildPhase;
			buildActionMask = 2147483647;
			files = (
			);
			inputPaths = (
			);
			name = "Embed Pods Frameworks";
			outputPaths = (
			);
			runOnlyForDeploymentPostprocessing = 0;
			shellPath = /bin/sh;
			shellScript = "\"${SRCROOT}/Pods/Target Support Files/Pods-KKPNews/Pods-KKPNews-frameworks.sh\"\n";
			showEnvVarsInLog = 0;
		};
		F215A6603D744DD215AC83F8 /* Copy Pods Resources */ = {
			isa = PBXShellScriptBuildPhase;
			buildActionMask = 2147483647;
			files = (
			);
			inputPaths = (
			);
			name = "Copy Pods Resources";
			outputPaths = (
			);
			runOnlyForDeploymentPostprocessing = 0;
			shellPath = /bin/sh;
			shellScript = "\"${SRCROOT}/Pods/Target Support Files/Pods-KKPNews/Pods-KKPNews-resources.sh\"\n";
			showEnvVarsInLog = 0;
		};
/* End PBXShellScriptBuildPhase section */

/* Begin PBXSourcesBuildPhase section */
		5C4FEC031D0A6C2C00894E56 /* Sources */ = {
			isa = PBXSourcesBuildPhase;
			buildActionMask = 2147483647;
			files = (
				5CDC288D1D1D2342002B4454 /* Tutorial3ViewController.m in Sources */,
				5C4FEC0F1D0A6C2C00894E56 /* AppDelegate.m in Sources */,
				5CDC288A1D1D2342002B4454 /* TutorialNavigationController.m in Sources */,
				5C5A33C21D0E957B005D7109 /* Youtube.m in Sources */,
				5C4FEC0C1D0A6C2C00894E56 /* main.m in Sources */,
				5CDC28971D1D3167002B4454 /* CustomSlider.m in Sources */,
				5C5A33C51D112C9E005D7109 /* FirstScreenViewController.m in Sources */,
				5C5A33B41D0E7118005D7109 /* MainViewController.m in Sources */,
				5CDC288C1D1D2342002B4454 /* Tutorial1ViewController.m in Sources */,
				5CDC288B1D1D2342002B4454 /* Tutorial2ViewController.m in Sources */,
				5C4FEC181D0A6C2C00894E56 /* KKPNews.xcdatamodeld in Sources */,
				5C5A33BF1D0E78EE005D7109 /* YoutubeListCustomCell.m in Sources */,
				5CDC288E1D1D2342002B4454 /* Tutorial4ViewController.m in Sources */,
			);
			runOnlyForDeploymentPostprocessing = 0;
		};
		5C4FEC1F1D0A6C2C00894E56 /* Sources */ = {
			isa = PBXSourcesBuildPhase;
			buildActionMask = 2147483647;
			files = (
				5C4FEC281D0A6C2C00894E56 /* KKPNewsTests.m in Sources */,
			);
			runOnlyForDeploymentPostprocessing = 0;
		};
		5C4FEC2A1D0A6C2C00894E56 /* Sources */ = {
			isa = PBXSourcesBuildPhase;
			buildActionMask = 2147483647;
			files = (
				5C4FEC331D0A6C2C00894E56 /* KKPNewsUITests.m in Sources */,
			);
			runOnlyForDeploymentPostprocessing = 0;
		};
/* End PBXSourcesBuildPhase section */

/* Begin PBXTargetDependency section */
		5C4FEC251D0A6C2C00894E56 /* PBXTargetDependency */ = {
			isa = PBXTargetDependency;
			target = 5C4FEC061D0A6C2C00894E56 /* KKPNews */;
			targetProxy = 5C4FEC241D0A6C2C00894E56 /* PBXContainerItemProxy */;
		};
		5C4FEC301D0A6C2C00894E56 /* PBXTargetDependency */ = {
			isa = PBXTargetDependency;
			target = 5C4FEC061D0A6C2C00894E56 /* KKPNews */;
			targetProxy = 5C4FEC2F1D0A6C2C00894E56 /* PBXContainerItemProxy */;
		};
/* End PBXTargetDependency section */

/* Begin PBXVariantGroup section */
		5C4FEC131D0A6C2C00894E56 /* Main.storyboard */ = {
			isa = PBXVariantGroup;
			children = (
				5C4FEC141D0A6C2C00894E56 /* Base */,
				5C6007871D22323100176B4B /* en */,
				5C6007891D22323700176B4B /* ja */,
			);
			name = Main.storyboard;
			sourceTree = "<group>";
		};
		5C4FEC1B1D0A6C2C00894E56 /* LaunchScreen.storyboard */ = {
			isa = PBXVariantGroup;
			children = (
				5C4FEC1C1D0A6C2C00894E56 /* Base */,
				5C6007881D22323100176B4B /* en */,
				5C60078A1D22323700176B4B /* ja */,
			);
			name = LaunchScreen.storyboard;
			sourceTree = "<group>";
		};
		5C60078F1D22326F00176B4B /* Localizable.strings */ = {
			isa = PBXVariantGroup;
			children = (
				5C60078E1D22326F00176B4B /* Base */,
				5C6007901D22327100176B4B /* ja */,
			);
			name = Localizable.strings;
			sourceTree = "<group>";
		};
/* End PBXVariantGroup section */

/* Begin XCBuildConfiguration section */
		5C4FEC351D0A6C2C00894E56 /* Debug */ = {
			isa = XCBuildConfiguration;
			buildSettings = {
				ALWAYS_SEARCH_USER_PATHS = NO;
				CLANG_ANALYZER_NONNULL = YES;
				CLANG_CXX_LANGUAGE_STANDARD = "gnu++0x";
				CLANG_CXX_LIBRARY = "libc++";
				CLANG_ENABLE_MODULES = YES;
				CLANG_ENABLE_OBJC_ARC = YES;
				CLANG_WARN_BOOL_CONVERSION = YES;
				CLANG_WARN_CONSTANT_CONVERSION = YES;
				CLANG_WARN_DIRECT_OBJC_ISA_USAGE = YES_ERROR;
				CLANG_WARN_EMPTY_BODY = YES;
				CLANG_WARN_ENUM_CONVERSION = YES;
				CLANG_WARN_INT_CONVERSION = YES;
				CLANG_WARN_OBJC_ROOT_CLASS = YES_ERROR;
				CLANG_WARN_UNREACHABLE_CODE = YES;
				CLANG_WARN__DUPLICATE_METHOD_MATCH = YES;
				"CODE_SIGN_IDENTITY[sdk=iphoneos*]" = "iPhone Developer";
				COPY_PHASE_STRIP = NO;
				DEBUG_INFORMATION_FORMAT = dwarf;
				ENABLE_STRICT_OBJC_MSGSEND = YES;
				ENABLE_TESTABILITY = YES;
				GCC_C_LANGUAGE_STANDARD = gnu99;
				GCC_DYNAMIC_NO_PIC = NO;
				GCC_NO_COMMON_BLOCKS = YES;
				GCC_OPTIMIZATION_LEVEL = 0;
				GCC_PREPROCESSOR_DEFINITIONS = (
					"DEBUG=1",
					"$(inherited)",
				);
				GCC_WARN_64_TO_32_BIT_CONVERSION = YES;
				GCC_WARN_ABOUT_RETURN_TYPE = YES_ERROR;
				GCC_WARN_UNDECLARED_SELECTOR = YES;
				GCC_WARN_UNINITIALIZED_AUTOS = YES_AGGRESSIVE;
				GCC_WARN_UNUSED_FUNCTION = YES;
				GCC_WARN_UNUSED_VARIABLE = YES;
				IPHONEOS_DEPLOYMENT_TARGET = 9.3;
				MTL_ENABLE_DEBUG_INFO = YES;
				ONLY_ACTIVE_ARCH = YES;
				SDKROOT = iphoneos;
				TARGETED_DEVICE_FAMILY = "1,2";
			};
			name = Debug;
		};
		5C4FEC361D0A6C2C00894E56 /* Release */ = {
			isa = XCBuildConfiguration;
			buildSettings = {
				ALWAYS_SEARCH_USER_PATHS = NO;
				CLANG_ANALYZER_NONNULL = YES;
				CLANG_CXX_LANGUAGE_STANDARD = "gnu++0x";
				CLANG_CXX_LIBRARY = "libc++";
				CLANG_ENABLE_MODULES = YES;
				CLANG_ENABLE_OBJC_ARC = YES;
				CLANG_WARN_BOOL_CONVERSION = YES;
				CLANG_WARN_CONSTANT_CONVERSION = YES;
				CLANG_WARN_DIRECT_OBJC_ISA_USAGE = YES_ERROR;
				CLANG_WARN_EMPTY_BODY = YES;
				CLANG_WARN_ENUM_CONVERSION = YES;
				CLANG_WARN_INT_CONVERSION = YES;
				CLANG_WARN_OBJC_ROOT_CLASS = YES_ERROR;
				CLANG_WARN_UNREACHABLE_CODE = YES;
				CLANG_WARN__DUPLICATE_METHOD_MATCH = YES;
				"CODE_SIGN_IDENTITY[sdk=iphoneos*]" = "iPhone Developer";
				COPY_PHASE_STRIP = NO;
				DEBUG_INFORMATION_FORMAT = "dwarf-with-dsym";
				ENABLE_NS_ASSERTIONS = NO;
				ENABLE_STRICT_OBJC_MSGSEND = YES;
				GCC_C_LANGUAGE_STANDARD = gnu99;
				GCC_NO_COMMON_BLOCKS = YES;
				GCC_WARN_64_TO_32_BIT_CONVERSION = YES;
				GCC_WARN_ABOUT_RETURN_TYPE = YES_ERROR;
				GCC_WARN_UNDECLARED_SELECTOR = YES;
				GCC_WARN_UNINITIALIZED_AUTOS = YES_AGGRESSIVE;
				GCC_WARN_UNUSED_FUNCTION = YES;
				GCC_WARN_UNUSED_VARIABLE = YES;
				IPHONEOS_DEPLOYMENT_TARGET = 9.3;
				MTL_ENABLE_DEBUG_INFO = NO;
				SDKROOT = iphoneos;
				TARGETED_DEVICE_FAMILY = "1,2";
				VALIDATE_PRODUCT = YES;
			};
			name = Release;
		};
		5C4FEC381D0A6C2C00894E56 /* Debug */ = {
			isa = XCBuildConfiguration;
			baseConfigurationReference = 9BBC6ED3CE728CA73CB0FABE /* Pods-KKPNews.debug.xcconfig */;
			buildSettings = {
				ASSETCATALOG_COMPILER_APPICON_NAME = AppIcon;
				ASSETCATALOG_COMPILER_LAUNCHIMAGE_NAME = LaunchImage1;
				CODE_SIGN_IDENTITY = "iPhone Developer";
				"CODE_SIGN_IDENTITY[sdk=iphoneos*]" = "iPhone Developer";
				ENABLE_BITCODE = NO;
				FRAMEWORK_SEARCH_PATHS = (
					"$(inherited)",
					"$(PROJECT_DIR)/Framework",
				);
				INFOPLIST_FILE = KKPNews/Info.plist;
				IPHONEOS_DEPLOYMENT_TARGET = 8.0;
				LD_RUNPATH_SEARCH_PATHS = "$(inherited) @executable_path/Frameworks";
				PRODUCT_BUNDLE_IDENTIFIER = com.ssd.KKPNews;
				PRODUCT_NAME = "$(TARGET_NAME)";
				PROVISIONING_PROFILE = "";
			};
			name = Debug;
		};
		5C4FEC391D0A6C2C00894E56 /* Release */ = {
			isa = XCBuildConfiguration;
			baseConfigurationReference = 8AABE8C229190EFFCE82A3E2 /* Pods-KKPNews.release.xcconfig */;
			buildSettings = {
				ASSETCATALOG_COMPILER_APPICON_NAME = AppIcon;
				ASSETCATALOG_COMPILER_LAUNCHIMAGE_NAME = LaunchImage1;
				CODE_SIGN_IDENTITY = "iPhone Developer";
				"CODE_SIGN_IDENTITY[sdk=iphoneos*]" = "iPhone Developer";
				ENABLE_BITCODE = NO;
				FRAMEWORK_SEARCH_PATHS = (
					"$(inherited)",
					"$(PROJECT_DIR)/Framework",
				);
				INFOPLIST_FILE = KKPNews/Info.plist;
				IPHONEOS_DEPLOYMENT_TARGET = 8.0;
				LD_RUNPATH_SEARCH_PATHS = "$(inherited) @executable_path/Frameworks";
				PRODUCT_BUNDLE_IDENTIFIER = com.ssd.KKPNews;
				PRODUCT_NAME = "$(TARGET_NAME)";
				PROVISIONING_PROFILE = "";
			};
			name = Release;
		};
		5C4FEC3B1D0A6C2C00894E56 /* Debug */ = {
			isa = XCBuildConfiguration;
			buildSettings = {
				BUNDLE_LOADER = "$(TEST_HOST)";
				INFOPLIST_FILE = KKPNewsTests/Info.plist;
				LD_RUNPATH_SEARCH_PATHS = "$(inherited) @executable_path/Frameworks @loader_path/Frameworks";
				PRODUCT_BUNDLE_IDENTIFIER = com.ssd.KKPNewsTests;
				PRODUCT_NAME = "$(TARGET_NAME)";
				TEST_HOST = "$(BUILT_PRODUCTS_DIR)/KKPNews.app/KKPNews";
			};
			name = Debug;
		};
		5C4FEC3C1D0A6C2C00894E56 /* Release */ = {
			isa = XCBuildConfiguration;
			buildSettings = {
				BUNDLE_LOADER = "$(TEST_HOST)";
				INFOPLIST_FILE = KKPNewsTests/Info.plist;
				LD_RUNPATH_SEARCH_PATHS = "$(inherited) @executable_path/Frameworks @loader_path/Frameworks";
				PRODUCT_BUNDLE_IDENTIFIER = com.ssd.KKPNewsTests;
				PRODUCT_NAME = "$(TARGET_NAME)";
				TEST_HOST = "$(BUILT_PRODUCTS_DIR)/KKPNews.app/KKPNews";
			};
			name = Release;
		};
		5C4FEC3E1D0A6C2C00894E56 /* Debug */ = {
			isa = XCBuildConfiguration;
			buildSettings = {
				INFOPLIST_FILE = KKPNewsUITests/Info.plist;
				LD_RUNPATH_SEARCH_PATHS = "$(inherited) @executable_path/Frameworks @loader_path/Frameworks";
				PRODUCT_BUNDLE_IDENTIFIER = com.ssd.KKPNewsUITests;
				PRODUCT_NAME = "$(TARGET_NAME)";
				TEST_TARGET_NAME = KKPNews;
			};
			name = Debug;
		};
		5C4FEC3F1D0A6C2C00894E56 /* Release */ = {
			isa = XCBuildConfiguration;
			buildSettings = {
				INFOPLIST_FILE = KKPNewsUITests/Info.plist;
				LD_RUNPATH_SEARCH_PATHS = "$(inherited) @executable_path/Frameworks @loader_path/Frameworks";
				PRODUCT_BUNDLE_IDENTIFIER = com.ssd.KKPNewsUITests;
				PRODUCT_NAME = "$(TARGET_NAME)";
				TEST_TARGET_NAME = KKPNews;
			};
			name = Release;
		};
/* End XCBuildConfiguration section */

/* Begin XCConfigurationList section */
		5C4FEC021D0A6C2C00894E56 /* Build configuration list for PBXProject "KKPNews" */ = {
			isa = XCConfigurationList;
			buildConfigurations = (
				5C4FEC351D0A6C2C00894E56 /* Debug */,
				5C4FEC361D0A6C2C00894E56 /* Release */,
			);
			defaultConfigurationIsVisible = 0;
			defaultConfigurationName = Release;
		};
		5C4FEC371D0A6C2C00894E56 /* Build configuration list for PBXNativeTarget "KKPNews" */ = {
			isa = XCConfigurationList;
			buildConfigurations = (
				5C4FEC381D0A6C2C00894E56 /* Debug */,
				5C4FEC391D0A6C2C00894E56 /* Release */,
			);
			defaultConfigurationIsVisible = 0;
			defaultConfigurationName = Release;
		};
		5C4FEC3A1D0A6C2C00894E56 /* Build configuration list for PBXNativeTarget "KKPNewsTests" */ = {
			isa = XCConfigurationList;
			buildConfigurations = (
				5C4FEC3B1D0A6C2C00894E56 /* Debug */,
				5C4FEC3C1D0A6C2C00894E56 /* Release */,
			);
			defaultConfigurationIsVisible = 0;
			defaultConfigurationName = Release;
		};
		5C4FEC3D1D0A6C2C00894E56 /* Build configuration list for PBXNativeTarget "KKPNewsUITests" */ = {
			isa = XCConfigurationList;
			buildConfigurations = (
				5C4FEC3E1D0A6C2C00894E56 /* Debug */,
				5C4FEC3F1D0A6C2C00894E56 /* Release */,
			);
			defaultConfigurationIsVisible = 0;
			defaultConfigurationName = Release;
		};
/* End XCConfigurationList section */

/* Begin XCVersionGroup section */
		5C4FEC161D0A6C2C00894E56 /* KKPNews.xcdatamodeld */ = {
			isa = XCVersionGroup;
			children = (
				5C4FEC171D0A6C2C00894E56 /* KKPNews.xcdatamodel */,
			);
			currentVersion = 5C4FEC171D0A6C2C00894E56 /* KKPNews.xcdatamodel */;
			path = KKPNews.xcdatamodeld;
			sourceTree = "<group>";
			versionGroupType = wrapper.xcdatamodel;
		};
/* End XCVersionGroup section */
	};
	rootObject = 5C4FEBFF1D0A6C2C00894E56 /* Project object */;
}
